// !$*UTF8*$!
{
	archiveVersion = 1;
	classes = {
	};
	objectVersion = 56;
	objects = {

/* Begin PBXBuildFile section */
		FC4C28122B4F4B6D00D066E1 /* AppDelegate.swift in Sources */ = {isa = PBXBuildFile; fileRef = FC4C28112B4F4B6D00D066E1 /* AppDelegate.swift */; };
		FC4C28142B4F4B6D00D066E1 /* SceneDelegate.swift in Sources */ = {isa = PBXBuildFile; fileRef = FC4C28132B4F4B6D00D066E1 /* SceneDelegate.swift */; };
		FC4C28162B4F4B6D00D066E1 /* ViewController.swift in Sources */ = {isa = PBXBuildFile; fileRef = FC4C28152B4F4B6D00D066E1 /* ViewController.swift */; };
		FC4C28192B4F4B6D00D066E1 /* Main.storyboard in Resources */ = {isa = PBXBuildFile; fileRef = FC4C28172B4F4B6D00D066E1 /* Main.storyboard */; };
		FC4C281B2B4F4B6D00D066E1 /* Assets.xcassets in Resources */ = {isa = PBXBuildFile; fileRef = FC4C281A2B4F4B6D00D066E1 /* Assets.xcassets */; };
		FC4C281E2B4F4B6D00D066E1 /* LaunchScreen.storyboard in Resources */ = {isa = PBXBuildFile; fileRef = FC4C281C2B4F4B6D00D066E1 /* LaunchScreen.storyboard */; };
		FC4C28292B4F4B6D00D066E1 /* Ravi_Lab1Tests.swift in Sources */ = {isa = PBXBuildFile; fileRef = FC4C28282B4F4B6D00D066E1 /* Ravi_Lab1Tests.swift */; };
		FC4C28332B4F4B6D00D066E1 /* Ravi_Lab1UITests.swift in Sources */ = {isa = PBXBuildFile; fileRef = FC4C28322B4F4B6D00D066E1 /* Ravi_Lab1UITests.swift */; };
		FC4C28352B4F4B6D00D066E1 /* Ravi_Lab1UITestsLaunchTests.swift in Sources */ = {isa = PBXBuildFile; fileRef = FC4C28342B4F4B6D00D066E1 /* Ravi_Lab1UITestsLaunchTests.swift */; };
/* End PBXBuildFile section */

/* Begin PBXContainerItemProxy section */
		FC4C28252B4F4B6D00D066E1 /* PBXContainerItemProxy */ = {
			isa = PBXContainerItemProxy;
			containerPortal = FC4C28062B4F4B6C00D066E1 /* Project object */;
			proxyType = 1;
			remoteGlobalIDString = FC4C280D2B4F4B6D00D066E1;
			remoteInfo = Ravi_Lab1;
		};
		FC4C282F2B4F4B6D00D066E1 /* PBXContainerItemProxy */ = {
			isa = PBXContainerItemProxy;
			containerPortal = FC4C28062B4F4B6C00D066E1 /* Project object */;
			proxyType = 1;
			remoteGlobalIDString = FC4C280D2B4F4B6D00D066E1;
			remoteInfo = Ravi_Lab1;
		};
/* End PBXContainerItemProxy section */

/* Begin PBXFileReference section */
		FC4C280E2B4F4B6D00D066E1 /* Ravi_Lab1.app */ = {isa = PBXFileReference; explicitFileType = wrapper.application; includeInIndex = 0; path = Ravi_Lab1.app; sourceTree = BUILT_PRODUCTS_DIR; };
		FC4C28112B4F4B6D00D066E1 /* AppDelegate.swift */ = {isa = PBXFileReference; lastKnownFileType = sourcecode.swift; path = AppDelegate.swift; sourceTree = "<group>"; };
		FC4C28132B4F4B6D00D066E1 /* SceneDelegate.swift */ = {isa = PBXFileReference; lastKnownFileType = sourcecode.swift; path = SceneDelegate.swift; sourceTree = "<group>"; };
		FC4C28152B4F4B6D00D066E1 /* ViewController.swift */ = {isa = PBXFileReference; lastKnownFileType = sourcecode.swift; path = ViewController.swift; sourceTree = "<group>"; };
		FC4C28182B4F4B6D00D066E1 /* Base */ = {isa = PBXFileReference; lastKnownFileType = file.storyboard; name = Base; path = Base.lproj/Main.storyboard; sourceTree = "<group>"; };
		FC4C281A2B4F4B6D00D066E1 /* Assets.xcassets */ = {isa = PBXFileReference; lastKnownFileType = folder.assetcatalog; path = Assets.xcassets; sourceTree = "<group>"; };
		FC4C281D2B4F4B6D00D066E1 /* Base */ = {isa = PBXFileReference; lastKnownFileType = file.storyboard; name = Base; path = Base.lproj/LaunchScreen.storyboard; sourceTree = "<group>"; };
		FC4C281F2B4F4B6D00D066E1 /* Info.plist */ = {isa = PBXFileReference; lastKnownFileType = text.plist.xml; path = Info.plist; sourceTree = "<group>"; };
		FC4C28242B4F4B6D00D066E1 /* Ravi_Lab1Tests.xctest */ = {isa = PBXFileReference; explicitFileType = wrapper.cfbundle; includeInIndex = 0; path = Ravi_Lab1Tests.xctest; sourceTree = BUILT_PRODUCTS_DIR; };
		FC4C28282B4F4B6D00D066E1 /* Ravi_Lab1Tests.swift */ = {isa = PBXFileReference; lastKnownFileType = sourcecode.swift; path = Ravi_Lab1Tests.swift; sourceTree = "<group>"; };
		FC4C282E2B4F4B6D00D066E1 /* Ravi_Lab1UITests.xctest */ = {isa = PBXFileReference; explicitFileType = wrapper.cfbundle; includeInIndex = 0; path = Ravi_Lab1UITests.xctest; sourceTree = BUILT_PRODUCTS_DIR; };
		FC4C28322B4F4B6D00D066E1 /* Ravi_Lab1UITests.swift */ = {isa = PBXFileReference; lastKnownFileType = sourcecode.swift; path = Ravi_Lab1UITests.swift; sourceTree = "<group>"; };
		FC4C28342B4F4B6D00D066E1 /* Ravi_Lab1UITestsLaunchTests.swift */ = {isa = PBXFileReference; lastKnownFileType = sourcecode.swift; path = Ravi_Lab1UITestsLaunchTests.swift; sourceTree = "<group>"; };
/* End PBXFileReference section */

/* Begin PBXFrameworksBuildPhase section */
		FC4C280B2B4F4B6D00D066E1 /* Frameworks */ = {
			isa = PBXFrameworksBuildPhase;
			buildActionMask = 2147483647;
			files = (
			);
			runOnlyForDeploymentPostprocessing = 0;
		};
		FC4C28212B4F4B6D00D066E1 /* Frameworks */ = {
			isa = PBXFrameworksBuildPhase;
			buildActionMask = 2147483647;
			files = (
			);
			runOnlyForDeploymentPostprocessing = 0;
		};
		FC4C282B2B4F4B6D00D066E1 /* Frameworks */ = {
			isa = PBXFrameworksBuildPhase;
			buildActionMask = 2147483647;
			files = (
			);
			runOnlyForDeploymentPostprocessing = 0;
		};
/* End PBXFrameworksBuildPhase section */

/* Begin PBXGroup section */
		FC4C28052B4F4B6C00D066E1 = {
			isa = PBXGroup;
			children = (
				FC4C28102B4F4B6D00D066E1 /* Ravi_Lab1 */,
				FC4C28272B4F4B6D00D066E1 /* Ravi_Lab1Tests */,
				FC4C28312B4F4B6D00D066E1 /* Ravi_Lab1UITests */,
				FC4C280F2B4F4B6D00D066E1 /* Products */,
			);
			sourceTree = "<group>";
		};
		FC4C280F2B4F4B6D00D066E1 /* Products */ = {
			isa = PBXGroup;
			children = (
				FC4C280E2B4F4B6D00D066E1 /* Ravi_Lab1.app */,
				FC4C28242B4F4B6D00D066E1 /* Ravi_Lab1Tests.xctest */,
				FC4C282E2B4F4B6D00D066E1 /* Ravi_Lab1UITests.xctest */,
			);
			name = Products;
			sourceTree = "<group>";
		};
		FC4C28102B4F4B6D00D066E1 /* Ravi_Lab1 */ = {
			isa = PBXGroup;
			children = (
				FC4C28112B4F4B6D00D066E1 /* AppDelegate.swift */,
				FC4C28132B4F4B6D00D066E1 /* SceneDelegate.swift */,
				FC4C28152B4F4B6D00D066E1 /* ViewController.swift */,
				FC4C28172B4F4B6D00D066E1 /* Main.storyboard */,
				FC4C281A2B4F4B6D00D066E1 /* Assets.xcassets */,
				FC4C281C2B4F4B6D00D066E1 /* LaunchScreen.storyboard */,
				FC4C281F2B4F4B6D00D066E1 /* Info.plist */,
			);
			path = Ravi_Lab1;
			sourceTree = "<group>";
		};
		FC4C28272B4F4B6D00D066E1 /* Ravi_Lab1Tests */ = {
			isa = PBXGroup;
			children = (
				FC4C28282B4F4B6D00D066E1 /* Ravi_Lab1Tests.swift */,
			);
			path = Ravi_Lab1Tests;
			sourceTree = "<group>";
		};
		FC4C28312B4F4B6D00D066E1 /* Ravi_Lab1UITests */ = {
			isa = PBXGroup;
			children = (
				FC4C28322B4F4B6D00D066E1 /* Ravi_Lab1UITests.swift */,
				FC4C28342B4F4B6D00D066E1 /* Ravi_Lab1UITestsLaunchTests.swift */,
			);
			path = Ravi_Lab1UITests;
			sourceTree = "<group>";
		};
/* End PBXGroup section */

/* Begin PBXNativeTarget section */
		FC4C280D2B4F4B6D00D066E1 /* Ravi_Lab1 */ = {
			isa = PBXNativeTarget;
			buildConfigurationList = FC4C28382B4F4B6D00D066E1 /* Build configuration list for PBXNativeTarget "Ravi_Lab1" */;
			buildPhases = (
				FC4C280A2B4F4B6D00D066E1 /* Sources */,
				FC4C280B2B4F4B6D00D066E1 /* Frameworks */,
				FC4C280C2B4F4B6D00D066E1 /* Resources */,
			);
			buildRules = (
			);
			dependencies = (
			);
			name = Ravi_Lab1;
			productName = Ravi_Lab1;
			productReference = FC4C280E2B4F4B6D00D066E1 /* Ravi_Lab1.app */;
			productType = "com.apple.product-type.application";
		};
		FC4C28232B4F4B6D00D066E1 /* Ravi_Lab1Tests */ = {
			isa = PBXNativeTarget;
			buildConfigurationList = FC4C283B2B4F4B6D00D066E1 /* Build configuration list for PBXNativeTarget "Ravi_Lab1Tests" */;
			buildPhases = (
				FC4C28202B4F4B6D00D066E1 /* Sources */,
				FC4C28212B4F4B6D00D066E1 /* Frameworks */,
				FC4C28222B4F4B6D00D066E1 /* Resources */,
			);
			buildRules = (
			);
			dependencies = (
				FC4C28262B4F4B6D00D066E1 /* PBXTargetDependency */,
			);
			name = Ravi_Lab1Tests;
			productName = Ravi_Lab1Tests;
			productReference = FC4C28242B4F4B6D00D066E1 /* Ravi_Lab1Tests.xctest */;
			productType = "com.apple.product-type.bundle.unit-test";
		};
		FC4C282D2B4F4B6D00D066E1 /* Ravi_Lab1UITests */ = {
			isa = PBXNativeTarget;
			buildConfigurationList = FC4C283E2B4F4B6D00D066E1 /* Build configuration list for PBXNativeTarget "Ravi_Lab1UITests" */;
			buildPhases = (
				FC4C282A2B4F4B6D00D066E1 /* Sources */,
				FC4C282B2B4F4B6D00D066E1 /* Frameworks */,
				FC4C282C2B4F4B6D00D066E1 /* Resources */,
			);
			buildRules = (
			);
			dependencies = (
				FC4C28302B4F4B6D00D066E1 /* PBXTargetDependency */,
			);
			name = Ravi_Lab1UITests;
			productName = Ravi_Lab1UITests;
			productReference = FC4C282E2B4F4B6D00D066E1 /* Ravi_Lab1UITests.xctest */;
			productType = "com.apple.product-type.bundle.ui-testing";
		};
/* End PBXNativeTarget section */

/* Begin PBXProject section */
		FC4C28062B4F4B6C00D066E1 /* Project object */ = {
			isa = PBXProject;
			attributes = {
				BuildIndependentTargetsInParallel = 1;
				LastSwiftUpdateCheck = 1420;
				LastUpgradeCheck = 1420;
				TargetAttributes = {
					FC4C280D2B4F4B6D00D066E1 = {
						CreatedOnToolsVersion = 14.2;
					};
					FC4C28232B4F4B6D00D066E1 = {
						CreatedOnToolsVersion = 14.2;
						TestTargetID = FC4C280D2B4F4B6D00D066E1;
					};
					FC4C282D2B4F4B6D00D066E1 = {
						CreatedOnToolsVersion = 14.2;
						TestTargetID = FC4C280D2B4F4B6D00D066E1;
					};
				};
			};
			buildConfigurationList = FC4C28092B4F4B6C00D066E1 /* Build configuration list for PBXProject "Ravi_Lab1" */;
			compatibilityVersion = "Xcode 14.0";
			developmentRegion = en;
			hasScannedForEncodings = 0;
			knownRegions = (
				en,
				Base,
			);
			mainGroup = FC4C28052B4F4B6C00D066E1;
			productRefGroup = FC4C280F2B4F4B6D00D066E1 /* Products */;
			projectDirPath = "";
			projectRoot = "";
			targets = (
				FC4C280D2B4F4B6D00D066E1 /* Ravi_Lab1 */,
				FC4C28232B4F4B6D00D066E1 /* Ravi_Lab1Tests */,
				FC4C282D2B4F4B6D00D066E1 /* Ravi_Lab1UITests */,
			);
		};
/* End PBXProject section */

/* Begin PBXResourcesBuildPhase section */
		FC4C280C2B4F4B6D00D066E1 /* Resources */ = {
			isa = PBXResourcesBuildPhase;
			buildActionMask = 2147483647;
			files = (
				FC4C281E2B4F4B6D00D066E1 /* LaunchScreen.storyboard in Resources */,
				FC4C281B2B4F4B6D00D066E1 /* Assets.xcassets in Resources */,
				FC4C28192B4F4B6D00D066E1 /* Main.storyboard in Resources */,
			);
			runOnlyForDeploymentPostprocessing = 0;
		};
		FC4C28222B4F4B6D00D066E1 /* Resources */ = {
			isa = PBXResourcesBuildPhase;
			buildActionMask = 2147483647;
			files = (
			);
			runOnlyForDeploymentPostprocessing = 0;
		};
		FC4C282C2B4F4B6D00D066E1 /* Resources */ = {
			isa = PBXResourcesBuildPhase;
			buildActionMask = 2147483647;
			files = (
			);
			runOnlyForDeploymentPostprocessing = 0;
		};
/* End PBXResourcesBuildPhase section */

/* Begin PBXSourcesBuildPhase section */
		FC4C280A2B4F4B6D00D066E1 /* Sources */ = {
			isa = PBXSourcesBuildPhase;
			buildActionMask = 2147483647;
			files = (
				FC4C28162B4F4B6D00D066E1 /* ViewController.swift in Sources */,
				FC4C28122B4F4B6D00D066E1 /* AppDelegate.swift in Sources */,
				FC4C28142B4F4B6D00D066E1 /* SceneDelegate.swift in Sources */,
			);
			runOnlyForDeploymentPostprocessing = 0;
		};
		FC4C28202B4F4B6D00D066E1 /* Sources */ = {
			isa = PBXSourcesBuildPhase;
			buildActionMask = 2147483647;
			files = (
				FC4C28292B4F4B6D00D066E1 /* Ravi_Lab1Tests.swift in Sources */,
			);
			runOnlyForDeploymentPostprocessing = 0;
		};
		FC4C282A2B4F4B6D00D066E1 /* Sources */ = {
			isa = PBXSourcesBuildPhase;
			buildActionMask = 2147483647;
			files = (
				FC4C28352B4F4B6D00D066E1 /* Ravi_Lab1UITestsLaunchTests.swift in Sources */,
				FC4C28332B4F4B6D00D066E1 /* Ravi_Lab1UITests.swift in Sources */,
			);
			runOnlyForDeploymentPostprocessing = 0;
		};
/* End PBXSourcesBuildPhase section */

/* Begin PBXTargetDependency section */
		FC4C28262B4F4B6D00D066E1 /* PBXTargetDependency */ = {
			isa = PBXTargetDependency;
			target = FC4C280D2B4F4B6D00D066E1 /* Ravi_Lab1 */;
			targetProxy = FC4C28252B4F4B6D00D066E1 /* PBXContainerItemProxy */;
		};
		FC4C28302B4F4B6D00D066E1 /* PBXTargetDependency */ = {
			isa = PBXTargetDependency;
			target = FC4C280D2B4F4B6D00D066E1 /* Ravi_Lab1 */;
			targetProxy = FC4C282F2B4F4B6D00D066E1 /* PBXContainerItemProxy */;
		};
/* End PBXTargetDependency section */

/* Begin PBXVariantGroup section */
		FC4C28172B4F4B6D00D066E1 /* Main.storyboard */ = {
			isa = PBXVariantGroup;
			children = (
				FC4C28182B4F4B6D00D066E1 /* Base */,
			);
			name = Main.storyboard;
			sourceTree = "<group>";
		};
		FC4C281C2B4F4B6D00D066E1 /* LaunchScreen.storyboard */ = {
			isa = PBXVariantGroup;
			children = (
				FC4C281D2B4F4B6D00D066E1 /* Base */,
			);
			name = LaunchScreen.storyboard;
			sourceTree = "<group>";
		};
/* End PBXVariantGroup section */

/* Begin XCBuildConfiguration section */
		FC4C28362B4F4B6D00D066E1 /* Debug */ = {
			isa = XCBuildConfiguration;
			buildSettings = {
				ALWAYS_SEARCH_USER_PATHS = NO;
				CLANG_ANALYZER_NONNULL = YES;
				CLANG_ANALYZER_NUMBER_OBJECT_CONVERSION = YES_AGGRESSIVE;
				CLANG_CXX_LANGUAGE_STANDARD = "gnu++20";
				CLANG_ENABLE_MODULES = YES;
				CLANG_ENABLE_OBJC_ARC = YES;
				CLANG_ENABLE_OBJC_WEAK = YES;
				CLANG_WARN_BLOCK_CAPTURE_AUTORELEASING = YES;
				CLANG_WARN_BOOL_CONVERSION = YES;
				CLANG_WARN_COMMA = YES;
				CLANG_WARN_CONSTANT_CONVERSION = YES;
				CLANG_WARN_DEPRECATED_OBJC_IMPLEMENTATIONS = YES;
				CLANG_WARN_DIRECT_OBJC_ISA_USAGE = YES_ERROR;
				CLANG_WARN_DOCUMENTATION_COMMENTS = YES;
				CLANG_WARN_EMPTY_BODY = YES;
				CLANG_WARN_ENUM_CONVERSION = YES;
				CLANG_WARN_INFINITE_RECURSION = YES;
				CLANG_WARN_INT_CONVERSION = YES;
				CLANG_WARN_NON_LITERAL_NULL_CONVERSION = YES;
				CLANG_WARN_OBJC_IMPLICIT_RETAIN_SELF = YES;
				CLANG_WARN_OBJC_LITERAL_CONVERSION = YES;
				CLANG_WARN_OBJC_ROOT_CLASS = YES_ERROR;
				CLANG_WARN_QUOTED_INCLUDE_IN_FRAMEWORK_HEADER = YES;
				CLANG_WARN_RANGE_LOOP_ANALYSIS = YES;
				CLANG_WARN_STRICT_PROTOTYPES = YES;
				CLANG_WARN_SUSPICIOUS_MOVE = YES;
				CLANG_WARN_UNGUARDED_AVAILABILITY = YES_AGGRESSIVE;
				CLANG_WARN_UNREACHABLE_CODE = YES;
				CLANG_WARN__DUPLICATE_METHOD_MATCH = YES;
				COPY_PHASE_STRIP = NO;
				DEBUG_INFORMATION_FORMAT = dwarf;
				ENABLE_STRICT_OBJC_MSGSEND = YES;
				ENABLE_TESTABILITY = YES;
				GCC_C_LANGUAGE_STANDARD = gnu11;
				GCC_DYNAMIC_NO_PIC = NO;
				GCC_NO_COMMON_BLOCKS = YES;
				GCC_OPTIMIZATION_LEVEL = 0;
				GCC_PREPROCESSOR_DEFINITIONS = (
					"DEBUG=1",
					"$(inherited)",
				);
				GCC_WARN_64_TO_32_BIT_CONVERSION = YES;
				GCC_WARN_ABOUT_RETURN_TYPE = YES_ERROR;
				GCC_WARN_UNDECLARED_SELECTOR = YES;
				GCC_WARN_UNINITIALIZED_AUTOS = YES_AGGRESSIVE;
				GCC_WARN_UNUSED_FUNCTION = YES;
				GCC_WARN_UNUSED_VARIABLE = YES;
				IPHONEOS_DEPLOYMENT_TARGET = 16.2;
				MTL_ENABLE_DEBUG_INFO = INCLUDE_SOURCE;
				MTL_FAST_MATH = YES;
				ONLY_ACTIVE_ARCH = YES;
				SDKROOT = iphoneos;
				SWIFT_ACTIVE_COMPILATION_CONDITIONS = DEBUG;
				SWIFT_OPTIMIZATION_LEVEL = "-Onone";
			};
			name = Debug;
		};
		FC4C28372B4F4B6D00D066E1 /* Release */ = {
			isa = XCBuildConfiguration;
			buildSettings = {
				ALWAYS_SEARCH_USER_PATHS = NO;
				CLANG_ANALYZER_NONNULL = YES;
				CLANG_ANALYZER_NUMBER_OBJECT_CONVERSION = YES_AGGRESSIVE;
				CLANG_CXX_LANGUAGE_STANDARD = "gnu++20";
				CLANG_ENABLE_MODULES = YES;
				CLANG_ENABLE_OBJC_ARC = YES;
				CLANG_ENABLE_OBJC_WEAK = YES;
				CLANG_WARN_BLOCK_CAPTURE_AUTORELEASING = YES;
				CLANG_WARN_BOOL_CONVERSION = YES;
				CLANG_WARN_COMMA = YES;
				CLANG_WARN_CONSTANT_CONVERSION = YES;
				CLANG_WARN_DEPRECATED_OBJC_IMPLEMENTATIONS = YES;
				CLANG_WARN_DIRECT_OBJC_ISA_USAGE = YES_ERROR;
				CLANG_WARN_DOCUMENTATION_COMMENTS = YES;
				CLANG_WARN_EMPTY_BODY = YES;
				CLANG_WARN_ENUM_CONVERSION = YES;
				CLANG_WARN_INFINITE_RECURSION = YES;
				CLANG_WARN_INT_CONVERSION = YES;
				CLANG_WARN_NON_LITERAL_NULL_CONVERSION = YES;
				CLANG_WARN_OBJC_IMPLICIT_RETAIN_SELF = YES;
				CLANG_WARN_OBJC_LITERAL_CONVERSION = YES;
				CLANG_WARN_OBJC_ROOT_CLASS = YES_ERROR;
				CLANG_WARN_QUOTED_INCLUDE_IN_FRAMEWORK_HEADER = YES;
				CLANG_WARN_RANGE_LOOP_ANALYSIS = YES;
				CLANG_WARN_STRICT_PROTOTYPES = YES;
				CLANG_WARN_SUSPICIOUS_MOVE = YES;
				CLANG_WARN_UNGUARDED_AVAILABILITY = YES_AGGRESSIVE;
				CLANG_WARN_UNREACHABLE_CODE = YES;
				CLANG_WARN__DUPLICATE_METHOD_MATCH = YES;
				COPY_PHASE_STRIP = NO;
				DEBUG_INFORMATION_FORMAT = "dwarf-with-dsym";
				ENABLE_NS_ASSERTIONS = NO;
				ENABLE_STRICT_OBJC_MSGSEND = YES;
				GCC_C_LANGUAGE_STANDARD = gnu11;
				GCC_NO_COMMON_BLOCKS = YES;
				GCC_WARN_64_TO_32_BIT_CONVERSION = YES;
				GCC_WARN_ABOUT_RETURN_TYPE = YES_ERROR;
				GCC_WARN_UNDECLARED_SELECTOR = YES;
				GCC_WARN_UNINITIALIZED_AUTOS = YES_AGGRESSIVE;
				GCC_WARN_UNUSED_FUNCTION = YES;
				GCC_WARN_UNUSED_VARIABLE = YES;
				IPHONEOS_DEPLOYMENT_TARGET = 16.2;
				MTL_ENABLE_DEBUG_INFO = NO;
				MTL_FAST_MATH = YES;
				SDKROOT = iphoneos;
				SWIFT_COMPILATION_MODE = wholemodule;
				SWIFT_OPTIMIZATION_LEVEL = "-O";
				VALIDATE_PRODUCT = YES;
			};
			name = Release;
		};
		FC4C28392B4F4B6D00D066E1 /* Debug */ = {
			isa = XCBuildConfiguration;
			buildSettings = {
				ASSETCATALOG_COMPILER_APPICON_NAME = AppIcon;
				ASSETCATALOG_COMPILER_GLOBAL_ACCENT_COLOR_NAME = AccentColor;
				CODE_SIGN_STYLE = Automatic;
				CURRENT_PROJECT_VERSION = 1;
				GENERATE_INFOPLIST_FILE = YES;
				INFOPLIST_FILE = Ravi_Lab1/Info.plist;
				INFOPLIST_KEY_UIApplicationSupportsIndirectInputEvents = YES;
				INFOPLIST_KEY_UILaunchStoryboardName = LaunchScreen;
				INFOPLIST_KEY_UIMainStoryboardFile = Main;
				INFOPLIST_KEY_UISupportedInterfaceOrientations_iPad = "UIInterfaceOrientationPortrait UIInterfaceOrientationPortraitUpsideDown UIInterfaceOrientationLandscapeLeft UIInterfaceOrientationLandscapeRight";
				INFOPLIST_KEY_UISupportedInterfaceOrientations_iPhone = "UIInterfaceOrientationPortrait UIInterfaceOrientationLandscapeLeft UIInterfaceOrientationLandscapeRight";
				LD_RUNPATH_SEARCH_PATHS = (
					"$(inherited)",
					"@executable_path/Frameworks",
				);
				MARKETING_VERSION = 1.0;
				PRODUCT_BUNDLE_IDENTIFIER = "com.ravi.Ravi-Lab1";
				PRODUCT_NAME = "$(TARGET_NAME)";
				SWIFT_EMIT_LOC_STRINGS = YES;
				SWIFT_VERSION = 5.0;
				TARGETED_DEVICE_FAMILY = "1,2";
			};
			name = Debug;
		};
		FC4C283A2B4F4B6D00D066E1 /* Release */ = {
			isa = XCBuildConfiguration;
			buildSettings = {
				ASSETCATALOG_COMPILER_APPICON_NAME = AppIcon;
				ASSETCATALOG_COMPILER_GLOBAL_ACCENT_COLOR_NAME = AccentColor;
				CODE_SIGN_STYLE = Automatic;
				CURRENT_PROJECT_VERSION = 1;
				GENERATE_INFOPLIST_FILE = YES;
				INFOPLIST_FILE = Ravi_Lab1/Info.plist;
				INFOPLIST_KEY_UIApplicationSupportsIndirectInputEvents = YES;
				INFOPLIST_KEY_UILaunchStoryboardName = LaunchScreen;
				INFOPLIST_KEY_UIMainStoryboardFile = Main;
				INFOPLIST_KEY_UISupportedInterfaceOrientations_iPad = "UIInterfaceOrientationPortrait UIInterfaceOrientationPortraitUpsideDown UIInterfaceOrientationLandscapeLeft UIInterfaceOrientationLandscapeRight";
				INFOPLIST_KEY_UISupportedInterfaceOrientations_iPhone = "UIInterfaceOrientationPortrait UIInterfaceOrientationLandscapeLeft UIInterfaceOrientationLandscapeRight";
				LD_RUNPATH_SEARCH_PATHS = (
					"$(inherited)",
					"@executable_path/Frameworks",
				);
				MARKETING_VERSION = 1.0;
				PRODUCT_BUNDLE_IDENTIFIER = "com.ravi.Ravi-Lab1";
				PRODUCT_NAME = "$(TARGET_NAME)";
				SWIFT_EMIT_LOC_STRINGS = YES;
				SWIFT_VERSION = 5.0;
				TARGETED_DEVICE_FAMILY = "1,2";
			};
			name = Release;
		};
		FC4C283C2B4F4B6D00D066E1 /* Debug */ = {
			isa = XCBuildConfiguration;
			buildSettings = {
				ALWAYS_EMBED_SWIFT_STANDARD_LIBRARIES = YES;
				BUNDLE_LOADER = "$(TEST_HOST)";
				CODE_SIGN_STYLE = Automatic;
				CURRENT_PROJECT_VERSION = 1;
				GENERATE_INFOPLIST_FILE = YES;
				IPHONEOS_DEPLOYMENT_TARGET = 16.2;
				MARKETING_VERSION = 1.0;
				PRODUCT_BUNDLE_IDENTIFIER = "com.ravi.Ravi-Lab1Tests";
				PRODUCT_NAME = "$(TARGET_NAME)";
				SWIFT_EMIT_LOC_STRINGS = NO;
				SWIFT_VERSION = 5.0;
				TARGETED_DEVICE_FAMILY = "1,2";
				TEST_HOST = "$(BUILT_PRODUCTS_DIR)/Ravi_Lab1.app/$(BUNDLE_EXECUTABLE_FOLDER_PATH)/Ravi_Lab1";
			};
			name = Debug;
		};
		FC4C283D2B4F4B6D00D066E1 /* Release */ = {
			isa = XCBuildConfiguration;
			buildSettings = {
				ALWAYS_EMBED_SWIFT_STANDARD_LIBRARIES = YES;
				BUNDLE_LOADER = "$(TEST_HOST)";
				CODE_SIGN_STYLE = Automatic;
				CURRENT_PROJECT_VERSION = 1;
				GENERATE_INFOPLIST_FILE = YES;
				IPHONEOS_DEPLOYMENT_TARGET = 16.2;
				MARKETING_VERSION = 1.0;
				PRODUCT_BUNDLE_IDENTIFIER = "com.ravi.Ravi-Lab1Tests";
				PRODUCT_NAME = "$(TARGET_NAME)";
				SWIFT_EMIT_LOC_STRINGS = NO;
				SWIFT_VERSION = 5.0;
				TARGETED_DEVICE_FAMILY = "1,2";
				TEST_HOST = "$(BUILT_PRODUCTS_DIR)/Ravi_Lab1.app/$(BUNDLE_EXECUTABLE_FOLDER_PATH)/Ravi_Lab1";
			};
			name = Release;
		};
		FC4C283F2B4F4B6D00D066E1 /* Debug */ = {
			isa = XCBuildConfiguration;
			buildSettings = {
				ALWAYS_EMBED_SWIFT_STANDARD_LIBRARIES = YES;
				CODE_SIGN_STYLE = Automatic;
				CURRENT_PROJECT_VERSION = 1;
				GENERATE_INFOPLIST_FILE = YES;
				MARKETING_VERSION = 1.0;
				PRODUCT_BUNDLE_IDENTIFIER = "com.ravi.Ravi-Lab1UITests";
				PRODUCT_NAME = "$(TARGET_NAME)";
				SWIFT_EMIT_LOC_STRINGS = NO;
				SWIFT_VERSION = 5.0;
				TARGETED_DEVICE_FAMILY = "1,2";
				TEST_TARGET_NAME = Ravi_Lab1;
			};
			name = Debug;
		};
		FC4C28402B4F4B6D00D066E1 /* Release */ = {
			isa = XCBuildConfiguration;
			buildSettings = {
				ALWAYS_EMBED_SWIFT_STANDARD_LIBRARIES = YES;
				CODE_SIGN_STYLE = Automatic;
				CURRENT_PROJECT_VERSION = 1;
				GENERATE_INFOPLIST_FILE = YES;
				MARKETING_VERSION = 1.0;
				PRODUCT_BUNDLE_IDENTIFIER = "com.ravi.Ravi-Lab1UITests";
				PRODUCT_NAME = "$(TARGET_NAME)";
				SWIFT_EMIT_LOC_STRINGS = NO;
				SWIFT_VERSION = 5.0;
				TARGETED_DEVICE_FAMILY = "1,2";
				TEST_TARGET_NAME = Ravi_Lab1;
			};
			name = Release;
		};
/* End XCBuildConfiguration section */

/* Begin XCConfigurationList section */
		FC4C28092B4F4B6C00D066E1 /* Build configuration list for PBXProject "Ravi_Lab1" */ = {
			isa = XCConfigurationList;
			buildConfigurations = (
				FC4C28362B4F4B6D00D066E1 /* Debug */,
				FC4C28372B4F4B6D00D066E1 /* Release */,
			);
			defaultConfigurationIsVisible = 0;
			defaultConfigurationName = Release;
		};
		FC4C28382B4F4B6D00D066E1 /* Build configuration list for PBXNativeTarget "Ravi_Lab1" */ = {
			isa = XCConfigurationList;
			buildConfigurations = (
				FC4C28392B4F4B6D00D066E1 /* Debug */,
				FC4C283A2B4F4B6D00D066E1 /* Release */,
			);
			defaultConfigurationIsVisible = 0;
			defaultConfigurationName = Release;
		};
		FC4C283B2B4F4B6D00D066E1 /* Build configuration list for PBXNativeTarget "Ravi_Lab1Tests" */ = {
			isa = XCConfigurationList;
			buildConfigurations = (
				FC4C283C2B4F4B6D00D066E1 /* Debug */,
				FC4C283D2B4F4B6D00D066E1 /* Release */,
			);
			defaultConfigurationIsVisible = 0;
			defaultConfigurationName = Release;
		};
		FC4C283E2B4F4B6D00D066E1 /* Build configuration list for PBXNativeTarget "Ravi_Lab1UITests" */ = {
			isa = XCConfigurationList;
			buildConfigurations = (
				FC4C283F2B4F4B6D00D066E1 /* Debug */,
				FC4C28402B4F4B6D00D066E1 /* Release */,
			);
			defaultConfigurationIsVisible = 0;
			defaultConfigurationName = Release;
		};
/* End XCConfigurationList section */
	};
	rootObject = FC4C28062B4F4B6C00D066E1 /* Project object */;
}
